version = 1
revision = 1
requires-python = ">=3.12"

[[package]]
name = "hexlet-immutable-fs-trees"
version = "0.1.8"
source = { registry = "https://pypi.org/simple" }
sdist = { url = "https://files.pythonhosted.org/packages/8e/99/12436dff85089e50cbba2f499e011ecb0bdb253bfc8104665b4f3811704e/hexlet-immutable-fs-trees-0.1.8.tar.gz", hash = "sha256:250159064cf2ce3e7da4a8dbe8527ccdef1ebd63c9a6f9e66606736d4dc40dc0", size = 2684 }
wheels = [
    { url = "https://files.pythonhosted.org/packages/26/8c/955b9d29b394515a8552ed2b46bb53c814deeff0a917e6566b7e7550b02c/hexlet_immutable_fs_trees-0.1.8-py3-none-any.whl", hash = "sha256:3a4d8afc2c2d17406c0f036fd9ffe200a4c0099bad74acfca74682169d4ca1d7", size = 2836 },
]

[[package]]
name = "hexlet-solutions"
version = "0.1.0"
source = { virtual = "." }
dependencies = [
    { name = "hexlet-immutable-fs-trees" },
]

[package.metadata]
requires-dist = [{ name = "hexlet-immutable-fs-trees", specifier = ">=0.1.8" }]
